
Microsoft Visual Studio Solution File, Format Version 12.00
# Visual Studio 14
VisualStudioVersion = 14.0.25420.1
MinimumVisualStudioVersion = 10.0.40219.1
Project("{2150E333-8FDC-42A3-9474-1A3956D46DE8}") = "Solution Items", "Solution Items", "{0FDA5F18-85AC-4250-A082-65D19DE4C734}"
	ProjectSection(SolutionItems) = preProject
		global.json = global.json
	EndProjectSection
EndProject
Project("{FAE04EC0-301F-11D3-BF4B-00C04F79EFBC}") = "NSS_Koans_Tester", "NSS_Koans_Tester\NSS_Koans_Tester.csproj", "{8FC5C279-092A-4348-BC41-8D456202F28E}"
EndProject
Project("{FAE04EC0-301F-11D3-BF4B-00C04F79EFBC}") = "NSS_KOANS", "NSS_KOANS\NSS_KOANS.csproj", "{021D6615-3A87-4ECC-A053-B2A5EFAA2244}"
EndProject
Global
	GlobalSection(SolutionConfigurationPlatforms) = preSolution
		Debug|Any CPU = Debug|Any CPU
		Release|Any CPU = Release|Any CPU
	EndGlobalSection
	GlobalSection(ProjectConfigurationPlatforms) = postSolution
		{8FC5C279-092A-4348-BC41-8D456202F28E}.Debug|Any CPU.ActiveCfg = Debug|Any CPU
		{8FC5C279-092A-4348-BC41-8D456202F28E}.Debug|Any CPU.Build.0 = Debug|Any CPU
		{8FC5C279-092A-4348-BC41-8D456202F28E}.Release|Any CPU.ActiveCfg = Release|Any CPU
		{8FC5C279-092A-4348-BC41-8D456202F28E}.Release|Any CPU.Build.0 = Release|Any CPU
		{021D6615-3A87-4ECC-A053-B2A5EFAA2244}.Debug|Any CPU.ActiveCfg = Debug|Any CPU
		{021D6615-3A87-4ECC-A053-B2A5EFAA2244}.Debug|Any CPU.Build.0 = Debug|Any CPU
		{021D6615-3A87-4ECC-A053-B2A5EFAA2244}.Release|Any CPU.ActiveCfg = Release|Any CPU
		{021D6615-3A87-4ECC-A053-B2A5EFAA2244}.Release|Any CPU.Build.0 = Release|Any CPU
	EndGlobalSection
	GlobalSection(SolutionProperties) = preSolution
		HideSolutionNode = FALSE
	EndGlobalSection
EndGlobal
